
Microsoft Visual Studio Solution File, Format Version 12.00
# Visual Studio Version 16
VisualStudioVersion = 16.0.31507.150
MinimumVisualStudioVersion = 10.0.40219.1
Project("{9A19103F-16F7-4668-BE54-9A1E7A4F7556}") = "FractionAddition", "FractionAddition\FractionAddition.csproj", "{3D025FF9-F173-4685-ABB5-89DA54EB2B1C}"
EndProject
Project("{9A19103F-16F7-4668-BE54-9A1E7A4F7556}") = "FractionTests", "FractionTests\FractionTests.csproj", "{7EDBCBCD-EF0D-494D-913F-E99D7A9B0E9A}"
EndProject
Project("{FAE04EC0-301F-11D3-BF4B-00C04F79EFBC}") = "Fraction.Collaborators", "Fraction.Collaborators\Fraction.Collaborators.csproj", "{1E73636D-F1B2-49E7-84F4-FB551CB1FCEF}"
EndProject
Global
	GlobalSection(SolutionConfigurationPlatforms) = preSolution
		Debug|Any CPU = Debug|Any CPU
		Release|Any CPU = Release|Any CPU
	EndGlobalSection
	GlobalSection(ProjectConfigurationPlatforms) = postSolution
		{3D025FF9-F173-4685-ABB5-89DA54EB2B1C}.Debug|Any CPU.ActiveCfg = Debug|Any CPU
		{3D025FF9-F173-4685-ABB5-89DA54EB2B1C}.Debug|Any CPU.Build.0 = Debug|Any CPU
		{3D025FF9-F173-4685-ABB5-89DA54EB2B1C}.Release|Any CPU.ActiveCfg = Release|Any CPU
		{3D025FF9-F173-4685-ABB5-89DA54EB2B1C}.Release|Any CPU.Build.0 = Release|Any CPU
		{7EDBCBCD-EF0D-494D-913F-E99D7A9B0E9A}.Debug|Any CPU.ActiveCfg = Debug|Any CPU
		{7EDBCBCD-EF0D-494D-913F-E99D7A9B0E9A}.Debug|Any CPU.Build.0 = Debug|Any CPU
		{7EDBCBCD-EF0D-494D-913F-E99D7A9B0E9A}.Release|Any CPU.ActiveCfg = Release|Any CPU
		{7EDBCBCD-EF0D-494D-913F-E99D7A9B0E9A}.Release|Any CPU.Build.0 = Release|Any CPU
		{1E73636D-F1B2-49E7-84F4-FB551CB1FCEF}.Debug|Any CPU.ActiveCfg = Debug|Any CPU
		{1E73636D-F1B2-49E7-84F4-FB551CB1FCEF}.Debug|Any CPU.Build.0 = Debug|Any CPU
		{1E73636D-F1B2-49E7-84F4-FB551CB1FCEF}.Release|Any CPU.ActiveCfg = Release|Any CPU
		{1E73636D-F1B2-49E7-84F4-FB551CB1FCEF}.Release|Any CPU.Build.0 = Release|Any CPU
	EndGlobalSection
	GlobalSection(SolutionProperties) = preSolution
		HideSolutionNode = FALSE
	EndGlobalSection
	GlobalSection(ExtensibilityGlobals) = postSolution
		SolutionGuid = {D75CBA0D-7C42-47E2-A124-0A75193CEFF6}
	EndGlobalSection
EndGlobal
